
Microsoft Visual Studio Solution File, Format Version 12.00
# Visual Studio Version 16
VisualStudioVersion = 16.0.30517.126
MinimumVisualStudioVersion = 10.0.40219.1
Project("{FAE04EC0-301F-11D3-BF4B-00C04F79EFBC}") = "MoreStrings", "MoreStrings\MoreStrings.csproj", "{E6673A25-EBB5-4DF0-989F-8078CB6C1D86}"
EndProject
Project("{FAE04EC0-301F-11D3-BF4B-00C04F79EFBC}") = "AnotherStringToReverse", "AnotherStringToReverse\AnotherStringToReverse.csproj", "{A4D6A392-0E7A-4789-9F1A-E44CB1778F33}"
EndProject
Project("{FAE04EC0-301F-11D3-BF4B-00C04F79EFBC}") = "ACharCounter", "ACharCounter\ACharCounter.csproj", "{EEA4628A-ADE4-47CA-B002-BF28671F5298}"
EndProject
Project("{FAE04EC0-301F-11D3-BF4B-00C04F79EFBC}") = "HOCounter", "HOCounter\HOCounter.csproj", "{F4A793E4-5B99-44B9-8F43-9345FA0AFC9A}"
EndProject
Global
	GlobalSection(SolutionConfigurationPlatforms) = preSolution
		Debug|Any CPU = Debug|Any CPU
		Release|Any CPU = Release|Any CPU
	EndGlobalSection
	GlobalSection(ProjectConfigurationPlatforms) = postSolution
		{E6673A25-EBB5-4DF0-989F-8078CB6C1D86}.Debug|Any CPU.ActiveCfg = Debug|Any CPU
		{E6673A25-EBB5-4DF0-989F-8078CB6C1D86}.Debug|Any CPU.Build.0 = Debug|Any CPU
		{E6673A25-EBB5-4DF0-989F-8078CB6C1D86}.Release|Any CPU.ActiveCfg = Release|Any CPU
		{E6673A25-EBB5-4DF0-989F-8078CB6C1D86}.Release|Any CPU.Build.0 = Release|Any CPU
		{A4D6A392-0E7A-4789-9F1A-E44CB1778F33}.Debug|Any CPU.ActiveCfg = Debug|Any CPU
		{A4D6A392-0E7A-4789-9F1A-E44CB1778F33}.Debug|Any CPU.Build.0 = Debug|Any CPU
		{A4D6A392-0E7A-4789-9F1A-E44CB1778F33}.Release|Any CPU.ActiveCfg = Release|Any CPU
		{A4D6A392-0E7A-4789-9F1A-E44CB1778F33}.Release|Any CPU.Build.0 = Release|Any CPU
		{EEA4628A-ADE4-47CA-B002-BF28671F5298}.Debug|Any CPU.ActiveCfg = Debug|Any CPU
		{EEA4628A-ADE4-47CA-B002-BF28671F5298}.Debug|Any CPU.Build.0 = Debug|Any CPU
		{EEA4628A-ADE4-47CA-B002-BF28671F5298}.Release|Any CPU.ActiveCfg = Release|Any CPU
		{EEA4628A-ADE4-47CA-B002-BF28671F5298}.Release|Any CPU.Build.0 = Release|Any CPU
		{F4A793E4-5B99-44B9-8F43-9345FA0AFC9A}.Debug|Any CPU.ActiveCfg = Debug|Any CPU
		{F4A793E4-5B99-44B9-8F43-9345FA0AFC9A}.Debug|Any CPU.Build.0 = Debug|Any CPU
		{F4A793E4-5B99-44B9-8F43-9345FA0AFC9A}.Release|Any CPU.ActiveCfg = Release|Any CPU
		{F4A793E4-5B99-44B9-8F43-9345FA0AFC9A}.Release|Any CPU.Build.0 = Release|Any CPU
	EndGlobalSection
	GlobalSection(SolutionProperties) = preSolution
		HideSolutionNode = FALSE
	EndGlobalSection
	GlobalSection(ExtensibilityGlobals) = postSolution
		SolutionGuid = {1A6B933C-6EA6-4C8F-BD30-FA072AFAE655}
	EndGlobalSection
EndGlobal
